Microsoft Visual Studio Solution File, Format Version 12.00
# Visual Studio Version 17
VisualStudioVersion = 17.5.2.0
MinimumVisualStudioVersion = 10.0.40219.1
Project("{FAE04EC0-301F-11D3-BF4B-00C04F79EFBC}") = "SunamoWpf", "SunamoWpf.csproj", "{D777FE4C-189A-74CE-E127-C2AD47333F6E}"
EndProject
Global
	GlobalSection(SolutionConfigurationPlatforms) = preSolution
		Debug|Any CPU = Debug|Any CPU
		Release|Any CPU = Release|Any CPU
	EndGlobalSection
	GlobalSection(ProjectConfigurationPlatforms) = postSolution
		{D777FE4C-189A-74CE-E127-C2AD47333F6E}.Debug|Any CPU.ActiveCfg = Debug|Any CPU
		{D777FE4C-189A-74CE-E127-C2AD47333F6E}.Debug|Any CPU.Build.0 = Debug|Any CPU
		{D777FE4C-189A-74CE-E127-C2AD47333F6E}.Release|Any CPU.ActiveCfg = Release|Any CPU
		{D777FE4C-189A-74CE-E127-C2AD47333F6E}.Release|Any CPU.Build.0 = Release|Any CPU
	EndGlobalSection
	GlobalSection(SolutionProperties) = preSolution
		HideSolutionNode = FALSE
	EndGlobalSection
	GlobalSection(ExtensibilityGlobals) = postSolution
		SolutionGuid = {4FEF608A-A8B6-459C-BEF2-795931F394A2}
	EndGlobalSection
EndGlobal
